
Microsoft Visual Studio Solution File, Format Version 12.00
# Visual Studio Version 16
VisualStudioVersion = 16.0.30413.136
MinimumVisualStudioVersion = 10.0.40219.1
Project("{FAE04EC0-301F-11D3-BF4B-00C04F79EFBC}") = "FilmLibrary.Data", "FilmLibrary.Data\FilmLibrary.Data.csproj", "{243F0527-568A-4086-AACC-0816CFA6FD38}"
EndProject
Project("{FAE04EC0-301F-11D3-BF4B-00C04F79EFBC}") = "FilmLibrary.App", "FilmLibrary.App\FilmLibrary.App.csproj", "{31A930B1-F058-4164-B120-0ACC9755D83F}"
EndProject
Global
	GlobalSection(SolutionConfigurationPlatforms) = preSolution
		Debug|Any CPU = Debug|Any CPU
		Release|Any CPU = Release|Any CPU
	EndGlobalSection
	GlobalSection(ProjectConfigurationPlatforms) = postSolution
		{243F0527-568A-4086-AACC-0816CFA6FD38}.Debug|Any CPU.ActiveCfg = Debug|Any CPU
		{243F0527-568A-4086-AACC-0816CFA6FD38}.Debug|Any CPU.Build.0 = Debug|Any CPU
		{243F0527-568A-4086-AACC-0816CFA6FD38}.Release|Any CPU.ActiveCfg = Release|Any CPU
		{243F0527-568A-4086-AACC-0816CFA6FD38}.Release|Any CPU.Build.0 = Release|Any CPU
		{31A930B1-F058-4164-B120-0ACC9755D83F}.Debug|Any CPU.ActiveCfg = Debug|Any CPU
		{31A930B1-F058-4164-B120-0ACC9755D83F}.Debug|Any CPU.Build.0 = Debug|Any CPU
		{31A930B1-F058-4164-B120-0ACC9755D83F}.Release|Any CPU.ActiveCfg = Release|Any CPU
		{31A930B1-F058-4164-B120-0ACC9755D83F}.Release|Any CPU.Build.0 = Release|Any CPU
	EndGlobalSection
	GlobalSection(SolutionProperties) = preSolution
		HideSolutionNode = FALSE
	EndGlobalSection
	GlobalSection(ExtensibilityGlobals) = postSolution
		SolutionGuid = {A0ECBFB8-243C-47E2-9838-4A343C86E2B2}
	EndGlobalSection
EndGlobal
